# This file was generated by Aiken
# You typically do not need to edit this file

[[requirements]]
name = "aiken-lang/fuzz"
version = "main"
source = "github"

[[packages]]
name = "aiken-lang/fuzz"
version = "main"
requirements = []
source = "github"

[etags]
"aiken-lang/fuzz@main" = [{ secs_since_epoch = 1710457662, nanos_since_epoch = 777040000 }, "c5d0e99d3716ec37c99ed14dbbc183fe06cb6530a9a2387f3624c55943c04c75"]
